version: 6
environments:
  default:
    channels:
    - url: https://conda.anaconda.org/nvidia/
    - url: https://conda.anaconda.org/conda-forge/
    packages:
      linux-64:
      - conda: https://conda.anaconda.org/conda-forge/linux-64/_libgcc_mutex-0.1-conda_forge.tar.bz2
      - conda: https://conda.anaconda.org/conda-forge/linux-64/_openmp_mutex-4.5-2_gnu.tar.bz2
      - conda: https://conda.anaconda.org/conda-forge/linux-64/bzip2-1.0.8-h4bc722e_7.conda
      - conda: https://conda.anaconda.org/conda-forge/linux-64/c-ares-1.32.3-h4bc722e_0.conda
      - conda: https://conda.anaconda.org/conda-forge/linux-64/ca-certificates-2024.8.30-hbcca054_0.conda
      - conda: https://conda.anaconda.org/conda-forge/linux-64/cmake-3.30.4-hf9cb763_0.conda
      - conda: https://conda.anaconda.org/conda-forge/linux-64/keyutils-1.6.1-h166bdaf_0.tar.bz2
      - conda: https://conda.anaconda.org/conda-forge/linux-64/krb5-1.21.3-h659f571_0.conda
      - conda: https://conda.anaconda.org/conda-forge/linux-64/libcurl-8.10.1-hbbe4b11_0.conda
      - conda: https://conda.anaconda.org/conda-forge/linux-64/libedit-3.1.20191231-he28a2e2_2.tar.bz2
      - conda: https://conda.anaconda.org/conda-forge/linux-64/libev-4.33-hd590300_2.conda
      - conda: https://conda.anaconda.org/conda-forge/linux-64/libexpat-2.6.3-h5888daf_0.conda
      - conda: https://conda.anaconda.org/conda-forge/linux-64/libgcc-14.1.0-h77fa898_1.conda
      - conda: https://conda.anaconda.org/conda-forge/linux-64/libgcc-ng-14.1.0-h69a702a_1.conda
      - conda: https://conda.anaconda.org/conda-forge/linux-64/libgomp-14.1.0-h77fa898_1.conda
      - conda: https://conda.anaconda.org/conda-forge/linux-64/libnghttp2-1.58.0-h47da74e_1.conda
      - conda: https://conda.anaconda.org/conda-forge/linux-64/libssh2-1.11.0-h0841786_0.conda
      - conda: https://conda.anaconda.org/conda-forge/linux-64/libstdcxx-14.1.0-hc0a3c3a_1.conda
      - conda: https://conda.anaconda.org/conda-forge/linux-64/libstdcxx-ng-14.1.0-h4852527_1.conda
      - conda: https://conda.anaconda.org/conda-forge/linux-64/libuv-1.49.0-hb9d3cd8_0.conda
      - conda: https://conda.anaconda.org/conda-forge/linux-64/libzlib-1.3.1-h4ab18f5_1.conda
      - conda: https://conda.anaconda.org/conda-forge/linux-64/ncurses-6.5-he02047a_1.conda
      - conda: https://conda.anaconda.org/conda-forge/linux-64/openssl-3.3.2-hb9d3cd8_0.conda
      - conda: https://conda.anaconda.org/conda-forge/linux-64/rhash-1.4.4-hd590300_0.conda
      - conda: https://conda.anaconda.org/conda-forge/linux-64/xz-5.2.6-h166bdaf_0.tar.bz2
      - conda: https://conda.anaconda.org/conda-forge/linux-64/zstd-1.5.6-ha6fb4c9_0.conda
      - conda: .
        build: hb0f4dca_0
      linux-aarch64:
      - conda: https://conda.anaconda.org/conda-forge/linux-aarch64/_openmp_mutex-4.5-2_gnu.tar.bz2
      - conda: https://conda.anaconda.org/conda-forge/linux-aarch64/bzip2-1.0.8-h68df207_7.conda
      - conda: https://conda.anaconda.org/conda-forge/linux-aarch64/c-ares-1.32.3-h68df207_0.conda
      - conda: https://conda.anaconda.org/conda-forge/linux-aarch64/ca-certificates-2024.8.30-hcefe29a_0.conda
      - conda: https://conda.anaconda.org/conda-forge/linux-aarch64/cmake-3.30.4-hbb72600_0.conda
      - conda: https://conda.anaconda.org/conda-forge/linux-aarch64/keyutils-1.6.1-h4e544f5_0.tar.bz2
      - conda: https://conda.anaconda.org/conda-forge/linux-aarch64/krb5-1.21.3-h50a48e9_0.conda
      - conda: https://conda.anaconda.org/conda-forge/linux-aarch64/libcurl-8.10.1-h3ec0cbf_0.conda
      - conda: https://conda.anaconda.org/conda-forge/linux-aarch64/libedit-3.1.20191231-he28a2e2_2.tar.bz2
      - conda: https://conda.anaconda.org/conda-forge/linux-aarch64/libev-4.33-h31becfc_2.conda
      - conda: https://conda.anaconda.org/conda-forge/linux-aarch64/libexpat-2.6.3-h5ad3122_0.conda
      - conda: https://conda.anaconda.org/conda-forge/linux-aarch64/libgcc-14.1.0-he277a41_1.conda
      - conda: https://conda.anaconda.org/conda-forge/linux-aarch64/libgcc-ng-14.1.0-he9431aa_1.conda
      - conda: https://conda.anaconda.org/conda-forge/linux-aarch64/libgomp-14.1.0-he277a41_1.conda
      - conda: https://conda.anaconda.org/conda-forge/linux-aarch64/libnghttp2-1.58.0-hb0e430d_1.conda
      - conda: https://conda.anaconda.org/conda-forge/linux-aarch64/libssh2-1.11.0-h492db2e_0.conda
      - conda: https://conda.anaconda.org/conda-forge/linux-aarch64/libstdcxx-14.1.0-h3f4de04_1.conda
      - conda: https://conda.anaconda.org/conda-forge/linux-aarch64/libstdcxx-ng-14.1.0-hf1166c9_1.conda
      - conda: https://conda.anaconda.org/conda-forge/linux-aarch64/libuv-1.49.0-h86ecc28_0.conda
      - conda: https://conda.anaconda.org/conda-forge/linux-aarch64/libzlib-1.3.1-h68df207_1.conda
      - conda: https://conda.anaconda.org/conda-forge/linux-aarch64/ncurses-6.5-hcccb83c_1.conda
      - conda: https://conda.anaconda.org/conda-forge/linux-aarch64/openssl-3.3.2-h86ecc28_0.conda
      - conda: https://conda.anaconda.org/conda-forge/linux-aarch64/rhash-1.4.4-h31becfc_0.conda
      - conda: https://conda.anaconda.org/conda-forge/linux-aarch64/xz-5.2.6-h9cdd2b7_0.tar.bz2
      - conda: https://conda.anaconda.org/conda-forge/linux-aarch64/zstd-1.5.6-h02f22dd_0.conda
      - conda: .
        build: he8cfe8b_0
packages:
- conda: .
  name: SlaterGPU
  version: 0.1.0
  build: hb0f4dca_0
  subdir: linux-64
  input:
    hash: 52957f7c6145f224c9067cf51aca2622e273a10e602223357500a4bcf896686b
    globs:
    - pixi.toml
- conda: .
  name: SlaterGPU
  version: 0.1.0
  build: he8cfe8b_0
  subdir: linux-aarch64
  input:
    hash: 52957f7c6145f224c9067cf51aca2622e273a10e602223357500a4bcf896686b
    globs:
    - pixi.toml
- conda: https://conda.anaconda.org/conda-forge/linux-64/_libgcc_mutex-0.1-conda_forge.tar.bz2
  sha256: fe51de6107f9edc7aa4f786a70f4a883943bc9d39b3bb7307c04c41410990726
  md5: d7c89558ba9fa0495403155b64376d81
  license: None
  size: 2562
  timestamp: 1578324546067
- conda: https://conda.anaconda.org/conda-forge/linux-64/_openmp_mutex-4.5-2_gnu.tar.bz2
  build_number: 16
  sha256: fbe2c5e56a653bebb982eda4876a9178aedfc2b545f25d0ce9c4c0b508253d22
  md5: 73aaf86a425cc6e73fcf236a5a46396d
  depends:
  - _libgcc_mutex 0.1 conda_forge
  - libgomp >=7.5.0
  constrains:
  - openmp_impl 9999
  license: BSD-3-Clause
  license_family: BSD
  size: 23621
  timestamp: 1650670423406
- conda: https://conda.anaconda.org/conda-forge/linux-aarch64/_openmp_mutex-4.5-2_gnu.tar.bz2
  build_number: 16
  sha256: 3702bef2f0a4d38bd8288bbe54aace623602a1343c2cfbefd3fa188e015bebf0
  md5: 6168d71addc746e8f2b8d57dfd2edcea
  depends:
  - libgomp >=7.5.0
  constrains:
  - openmp_impl 9999
  license: BSD-3-Clause
  license_family: BSD
  size: 23712
  timestamp: 1650670790230
- conda: https://conda.anaconda.org/conda-forge/linux-64/bzip2-1.0.8-h4bc722e_7.conda
  sha256: 5ced96500d945fb286c9c838e54fa759aa04a7129c59800f0846b4335cee770d
  md5: 62ee74e96c5ebb0af99386de58cf9553
  depends:
  - __glibc >=2.17,<3.0.a0
  - libgcc-ng >=12
  license: bzip2-1.0.6
  license_family: BSD
  size: 252783
  timestamp: 1720974456583
- conda: https://conda.anaconda.org/conda-forge/linux-aarch64/bzip2-1.0.8-h68df207_7.conda
  sha256: 2258b0b33e1cb3a9852d47557984abb6e7ea58e3d7f92706ec1f8e879290c4cb
  md5: 56398c28220513b9ea13d7b450acfb20
  depends:
  - libgcc-ng >=12
  license: bzip2-1.0.6
  license_family: BSD
  size: 189884
  timestamp: 1720974504976
- conda: https://conda.anaconda.org/conda-forge/linux-64/c-ares-1.32.3-h4bc722e_0.conda
  sha256: 3c5a844bb60b0d52d89c3f1bd828c9856417fe33a6102fd8bbd5c13c3351704a
  md5: 7624e34ee6baebfc80d67bac76cc9d9d
  depends:
  - __glibc >=2.17,<3.0.a0
  - libgcc-ng >=12
  license: MIT
  license_family: MIT
  size: 179736
  timestamp: 1721834714515
- conda: https://conda.anaconda.org/conda-forge/linux-aarch64/c-ares-1.32.3-h68df207_0.conda
  sha256: 9c0505e6e8a23c85f10e4b5c8924c4f9d51cccb89b81b59369b167adf2448fd1
  md5: 13d442f0a28e5a71073328a9b2140cb8
  depends:
  - libgcc-ng >=12
  license: MIT
  license_family: MIT
  size: 187241
  timestamp: 1721834713576
- conda: https://conda.anaconda.org/conda-forge/linux-64/ca-certificates-2024.8.30-hbcca054_0.conda
  sha256: afee721baa6d988e27fef1832f68d6f32ac8cc99cdf6015732224c2841a09cea
  md5: c27d1c142233b5bc9ca570c6e2e0c244
  license: ISC
  size: 159003
  timestamp: 1725018903918
- conda: https://conda.anaconda.org/conda-forge/linux-aarch64/ca-certificates-2024.8.30-hcefe29a_0.conda
  sha256: 2a2d827bee3775a85f0f1b2f2089291475c4416336d1b3a8cbce2964db547af8
  md5: 70e57e8f59d2c98f86b49c69e5074be5
  license: ISC
  size: 159106
  timestamp: 1725020043153
- conda: https://conda.anaconda.org/conda-forge/linux-64/cmake-3.30.4-hf9cb763_0.conda
  sha256: 83f223192a13ea532b01b45a678f83fe26b3ea8535ea925f5fef46f36dea2000
  md5: 62b2c1bdaeee8e986b45230715754855
  depends:
  - __glibc >=2.17,<3.0.a0
  - bzip2 >=1.0.8,<2.0a0
  - libcurl >=8.10.1,<9.0a0
  - libexpat >=2.6.3,<3.0a0
  - libgcc >=13
  - libstdcxx >=13
  - libuv >=1.49.0,<2.0a0
  - libzlib >=1.3.1,<2.0a0
  - ncurses >=6.5,<7.0a0
  - rhash >=1.4.4,<2.0a0
  - xz >=5.2.6,<6.0a0
  - zstd >=1.5.6,<1.6.0a0
  license: BSD-3-Clause
  license_family: BSD
  size: 19707706
  timestamp: 1727459501915
- conda: https://conda.anaconda.org/conda-forge/linux-aarch64/cmake-3.30.4-hbb72600_0.conda
  sha256: ac30ec62a164aac3cbeaea0da9c69c8c8a5a315c356352aee45245a6a988d2d9
  md5: 71abc895ec9bf5d6690b44d03f4fec6c
  depends:
  - bzip2 >=1.0.8,<2.0a0
  - libcurl >=8.10.1,<9.0a0
  - libexpat >=2.6.3,<3.0a0
  - libgcc >=13
  - libstdcxx >=13
  - libuv >=1.49.0,<2.0a0
  - libzlib >=1.3.1,<2.0a0
  - ncurses >=6.5,<7.0a0
  - rhash >=1.4.4,<2.0a0
  - xz >=5.2.6,<6.0a0
  - zstd >=1.5.6,<1.6.0a0
  license: BSD-3-Clause
  license_family: BSD
  size: 19093041
  timestamp: 1727459273169
- conda: https://conda.anaconda.org/conda-forge/linux-64/keyutils-1.6.1-h166bdaf_0.tar.bz2
  sha256: 150c05a6e538610ca7c43beb3a40d65c90537497a4f6a5f4d15ec0451b6f5ebb
  md5: 30186d27e2c9fa62b45fb1476b7200e3
  depends:
  - libgcc-ng >=10.3.0
  license: LGPL-2.1-or-later
  size: 117831
  timestamp: 1646151697040
- conda: https://conda.anaconda.org/conda-forge/linux-aarch64/keyutils-1.6.1-h4e544f5_0.tar.bz2
  sha256: 6d4233d97a9b38acbb26e1268bcf8c10a8e79c2aed7e5a385ec3769967e3e65b
  md5: 1f24853e59c68892452ef94ddd8afd4b
  depends:
  - libgcc-ng >=10.3.0
  license: LGPL-2.1-or-later
  size: 112327
  timestamp: 1646166857935
- conda: https://conda.anaconda.org/conda-forge/linux-64/krb5-1.21.3-h659f571_0.conda
  sha256: 99df692f7a8a5c27cd14b5fb1374ee55e756631b9c3d659ed3ee60830249b238
  md5: 3f43953b7d3fb3aaa1d0d0723d91e368
  depends:
  - keyutils >=1.6.1,<2.0a0
  - libedit >=3.1.20191231,<3.2.0a0
  - libedit >=3.1.20191231,<4.0a0
  - libgcc-ng >=12
  - libstdcxx-ng >=12
  - openssl >=3.3.1,<4.0a0
  license: MIT
  license_family: MIT
  size: 1370023
  timestamp: 1719463201255
- conda: https://conda.anaconda.org/conda-forge/linux-aarch64/krb5-1.21.3-h50a48e9_0.conda
  sha256: 0ec272afcf7ea7fbf007e07a3b4678384b7da4047348107b2ae02630a570a815
  md5: 29c10432a2ca1472b53f299ffb2ffa37
  depends:
  - keyutils >=1.6.1,<2.0a0
  - libedit >=3.1.20191231,<3.2.0a0
  - libedit >=3.1.20191231,<4.0a0
  - libgcc-ng >=12
  - libstdcxx-ng >=12
  - openssl >=3.3.1,<4.0a0
  license: MIT
  license_family: MIT
  size: 1474620
  timestamp: 1719463205834
- conda: https://conda.anaconda.org/conda-forge/linux-64/libcurl-8.10.1-hbbe4b11_0.conda
  sha256: 54e6114dfce566c3a22ad3b7b309657e3600cdb668398e95f1301360d5d52c99
  md5: 6e801c50a40301f6978c53976917b277
  depends:
  - __glibc >=2.17,<3.0.a0
  - krb5 >=1.21.3,<1.22.0a0
  - libgcc >=13
  - libnghttp2 >=1.58.0,<2.0a0
  - libssh2 >=1.11.0,<2.0a0
  - libzlib >=1.3.1,<2.0a0
  - openssl >=3.3.2,<4.0a0
  - zstd >=1.5.6,<1.6.0a0
  license: curl
  license_family: MIT
  size: 424900
  timestamp: 1726659794676
- conda: https://conda.anaconda.org/conda-forge/linux-aarch64/libcurl-8.10.1-h3ec0cbf_0.conda
  sha256: 7c4983001c727f713b4448280ed4803d301087c184cd2819ba0b788ca62b73d1
  md5: f43539295c4e0cd15202d41bc72b8a26
  depends:
  - krb5 >=1.21.3,<1.22.0a0
  - libgcc >=13
  - libnghttp2 >=1.58.0,<2.0a0
  - libssh2 >=1.11.0,<2.0a0
  - libzlib >=1.3.1,<2.0a0
  - openssl >=3.3.2,<4.0a0
  - zstd >=1.5.6,<1.6.0a0
  license: curl
  license_family: MIT
  size: 439171
  timestamp: 1726659843118
- conda: https://conda.anaconda.org/conda-forge/linux-64/libedit-3.1.20191231-he28a2e2_2.tar.bz2
  sha256: a57d37c236d8f7c886e01656f4949d9dcca131d2a0728609c6f7fa338b65f1cf
  md5: 4d331e44109e3f0e19b4cb8f9b82f3e1
  depends:
  - libgcc-ng >=7.5.0
  - ncurses >=6.2,<7.0.0a0
  license: BSD-2-Clause
  license_family: BSD
  size: 123878
  timestamp: 1597616541093
- conda: https://conda.anaconda.org/conda-forge/linux-aarch64/libedit-3.1.20191231-he28a2e2_2.tar.bz2
  sha256: debc31fb2f07ba2b0363f90e455873670734082822926ba4a9556431ec0bf36d
  md5: 29371161d77933a54fccf1bb66b96529
  depends:
  - libgcc-ng >=7.5.0
  - ncurses >=6.2,<7.0.0a0
  license: BSD-2-Clause
  license_family: BSD
  size: 134104
  timestamp: 1597617110769
- conda: https://conda.anaconda.org/conda-forge/linux-64/libev-4.33-hd590300_2.conda
  sha256: 1cd6048169fa0395af74ed5d8f1716e22c19a81a8a36f934c110ca3ad4dd27b4
  md5: 172bf1cd1ff8629f2b1179945ed45055
  depends:
  - libgcc-ng >=12
  license: BSD-2-Clause
  license_family: BSD
  size: 112766
  timestamp: 1702146165126
- conda: https://conda.anaconda.org/conda-forge/linux-aarch64/libev-4.33-h31becfc_2.conda
  sha256: 973af77e297f1955dd1f69c2cbdc5ab9dfc88388a5576cd152cda178af0fd006
  md5: a9a13cb143bbaa477b1ebaefbe47a302
  depends:
  - libgcc-ng >=12
  license: BSD-2-Clause
  license_family: BSD
  size: 115123
  timestamp: 1702146237623
- conda: https://conda.anaconda.org/conda-forge/linux-64/libexpat-2.6.3-h5888daf_0.conda
  sha256: 4bb47bb2cd09898737a5211e2992d63c555d63715a07ba56eae0aff31fb89c22
  md5: 59f4c43bb1b5ef1c71946ff2cbf59524
  depends:
  - __glibc >=2.17,<3.0.a0
  - libgcc >=13
  constrains:
  - expat 2.6.3.*
  license: MIT
  license_family: MIT
  size: 73616
  timestamp: 1725568742634
- conda: https://conda.anaconda.org/conda-forge/linux-aarch64/libexpat-2.6.3-h5ad3122_0.conda
  sha256: 02341c9c35128055fd404dfe675832b80f2bf9dbb99539457652c11c06e52757
  md5: 1d2b842bb76e268625e8ee8d0a9fe8c3
  depends:
  - libgcc >=13
  constrains:
  - expat 2.6.3.*
  license: MIT
  license_family: MIT
  size: 72342
  timestamp: 1725568840022
- conda: https://conda.anaconda.org/conda-forge/linux-64/libgcc-14.1.0-h77fa898_1.conda
  sha256: 10fa74b69266a2be7b96db881e18fa62cfa03082b65231e8d652e897c4b335a3
  md5: 002ef4463dd1e2b44a94a4ace468f5d2
  depends:
  - _libgcc_mutex 0.1 conda_forge
  - _openmp_mutex >=4.5
  constrains:
  - libgomp 14.1.0 h77fa898_1
  - libgcc-ng ==14.1.0=*_1
  license: GPL-3.0-only WITH GCC-exception-3.1
  license_family: GPL
  size: 846380
  timestamp: 1724801836552
- conda: https://conda.anaconda.org/conda-forge/linux-aarch64/libgcc-14.1.0-he277a41_1.conda
  sha256: 0affee19a50081827a9b7d5a43a1d241d295209342f5c6b8d1da21e950547680
  md5: 2cb475709e327bb76f74645784582e6a
  depends:
  - _openmp_mutex >=4.5
  constrains:
  - libgcc-ng ==14.1.0=*_1
  - libgomp 14.1.0 he277a41_1
  license: GPL-3.0-only WITH GCC-exception-3.1
  license_family: GPL
  size: 533503
  timestamp: 1724802540921
- conda: https://conda.anaconda.org/conda-forge/linux-64/libgcc-ng-14.1.0-h69a702a_1.conda
  sha256: b91f7021e14c3d5c840fbf0dc75370d6e1f7c7ff4482220940eaafb9c64613b7
  md5: 1efc0ad219877a73ef977af7dbb51f17
  depends:
  - libgcc 14.1.0 h77fa898_1
  license: GPL-3.0-only WITH GCC-exception-3.1
  license_family: GPL
  size: 52170
  timestamp: 1724801842101
- conda: https://conda.anaconda.org/conda-forge/linux-aarch64/libgcc-ng-14.1.0-he9431aa_1.conda
  sha256: 44e76a6c1fad613d92035c69e475ccb7da2f554b2fdfabceff8dc4bc570f3622
  md5: 842a1a0cf6f995091734a723e5d291ef
  depends:
  - libgcc 14.1.0 he277a41_1
  license: GPL-3.0-only WITH GCC-exception-3.1
  license_family: GPL
  size: 52203
  timestamp: 1724802545317
- conda: https://conda.anaconda.org/conda-forge/linux-64/libgomp-14.1.0-h77fa898_1.conda
  sha256: c96724c8ae4ee61af7674c5d9e5a3fbcf6cd887a40ad5a52c99aa36f1d4f9680
  md5: 23c255b008c4f2ae008f81edcabaca89
  depends:
  - _libgcc_mutex 0.1 conda_forge
  license: GPL-3.0-only WITH GCC-exception-3.1
  license_family: GPL
  size: 460218
  timestamp: 1724801743478
- conda: https://conda.anaconda.org/conda-forge/linux-aarch64/libgomp-14.1.0-he277a41_1.conda
  sha256: a257997cc35b97a58b4b3be1b108791619736d90af8d30dab717d0f0dd835ab5
  md5: 59d463d51eda114031e52667843f9665
  license: GPL-3.0-only WITH GCC-exception-3.1
  license_family: GPL
  size: 461429
  timestamp: 1724802428910
- conda: https://conda.anaconda.org/conda-forge/linux-64/libnghttp2-1.58.0-h47da74e_1.conda
  sha256: 1910c5306c6aa5bcbd623c3c930c440e9c77a5a019008e1487810e3c1d3716cb
  md5: 700ac6ea6d53d5510591c4344d5c989a
  depends:
  - c-ares >=1.23.0,<2.0a0
  - libev >=4.33,<4.34.0a0
  - libev >=4.33,<5.0a0
  - libgcc-ng >=12
  - libstdcxx-ng >=12
  - libzlib >=1.2.13,<2.0.0a0
  - openssl >=3.2.0,<4.0a0
  license: MIT
  license_family: MIT
  size: 631936
  timestamp: 1702130036271
- conda: https://conda.anaconda.org/conda-forge/linux-aarch64/libnghttp2-1.58.0-hb0e430d_1.conda
  sha256: ecc11e4f92f9d5830a90d42b4db55c66c4ad531e00dcf30d55171d934a568cb5
  md5: 8f724cdddffa79152de61f5564a3526b
  depends:
  - c-ares >=1.23.0,<2.0a0
  - libev >=4.33,<4.34.0a0
  - libev >=4.33,<5.0a0
  - libgcc-ng >=12
  - libstdcxx-ng >=12
  - libzlib >=1.2.13,<2.0.0a0
  - openssl >=3.2.0,<4.0a0
  license: MIT
  license_family: MIT
  size: 677508
  timestamp: 1702130071743
- conda: https://conda.anaconda.org/conda-forge/linux-64/libssh2-1.11.0-h0841786_0.conda
  sha256: 50e47fd9c4f7bf841a11647ae7486f65220cfc988ec422a4475fe8d5a823824d
  md5: 1f5a58e686b13bcfde88b93f547d23fe
  depends:
  - libgcc-ng >=12
  - libzlib >=1.2.13,<2.0.0a0
  - openssl >=3.1.1,<4.0a0
  license: BSD-3-Clause
  license_family: BSD
  size: 271133
  timestamp: 1685837707056
- conda: https://conda.anaconda.org/conda-forge/linux-aarch64/libssh2-1.11.0-h492db2e_0.conda
  sha256: 409163dd4a888b9266369f1bce57b5ca56c216e34249637c3e10eb404e356171
  md5: 45532845e121677ad328c9af9953f161
  depends:
  - libgcc-ng >=12
  - libzlib >=1.2.13,<2.0.0a0
  - openssl >=3.1.1,<4.0a0
  license: BSD-3-Clause
  license_family: BSD
  size: 284335
  timestamp: 1685837600415
- conda: https://conda.anaconda.org/conda-forge/linux-64/libstdcxx-14.1.0-hc0a3c3a_1.conda
  sha256: 44decb3d23abacf1c6dd59f3c152a7101b7ca565b4ef8872804ceaedcc53a9cd
  md5: 9dbb9699ea467983ba8a4ba89b08b066
  depends:
  - libgcc 14.1.0 h77fa898_1
  license: GPL-3.0-only WITH GCC-exception-3.1
  license_family: GPL
  size: 3892781
  timestamp: 1724801863728
- conda: https://conda.anaconda.org/conda-forge/linux-aarch64/libstdcxx-14.1.0-h3f4de04_1.conda
  sha256: 430e7c36ca9736d06fd669eb1771acb9a8bcaac578ae76b093fa06391798a0ae
  md5: 6c2afef2109372440a90c566bcb6391c
  depends:
  - libgcc 14.1.0 he277a41_1
  license: GPL-3.0-only WITH GCC-exception-3.1
  license_family: GPL
  size: 3808995
  timestamp: 1724802564657
- conda: https://conda.anaconda.org/conda-forge/linux-64/libstdcxx-ng-14.1.0-h4852527_1.conda
  sha256: a2dc44f97290740cc187bfe94ce543e6eb3c2ea8964d99f189a1d8c97b419b8c
  md5: bd2598399a70bb86d8218e95548d735e
  depends:
  - libstdcxx 14.1.0 hc0a3c3a_1
  license: GPL-3.0-only WITH GCC-exception-3.1
  license_family: GPL
  size: 52219
  timestamp: 1724801897766
- conda: https://conda.anaconda.org/conda-forge/linux-aarch64/libstdcxx-ng-14.1.0-hf1166c9_1.conda
  sha256: d7aa6fa26735317ea5cc18e4c2f3316ce29dcc283d65b72b3b99b2d88386aaf4
  md5: 51f54efdd1d2ed5d7e9c67381b75fdb1
  depends:
  - libstdcxx 14.1.0 h3f4de04_1
  license: GPL-3.0-only WITH GCC-exception-3.1
  license_family: GPL
  size: 52240
  timestamp: 1724802596264
- conda: https://conda.anaconda.org/conda-forge/linux-64/libuv-1.49.0-hb9d3cd8_0.conda
  sha256: 8324c5bd275d5ed12fc6614a5dd657314eccf0d53304fbe09b0bc77197d4fc57
  md5: 925a0022e1fa4f888ceed96a309a5baf
  depends:
  - __glibc >=2.17,<3.0.a0
  - libgcc >=13
  license: MIT
  license_family: MIT
  size: 878395
  timestamp: 1727283212868
- conda: https://conda.anaconda.org/conda-forge/linux-aarch64/libuv-1.49.0-h86ecc28_0.conda
  sha256: cf82d691062a343bc815e8d263ccb6634078347d91f23a6e1a9611dea8f0f5a5
  md5: 7ab78d77c11dec5e2849dee5c840e5d8
  depends:
  - libgcc >=13
  license: MIT
  license_family: MIT
  size: 605510
  timestamp: 1727283220669
- conda: https://conda.anaconda.org/conda-forge/linux-64/libzlib-1.3.1-h4ab18f5_1.conda
  sha256: adf6096f98b537a11ae3729eaa642b0811478f0ea0402ca67b5108fe2cb0010d
  md5: 57d7dc60e9325e3de37ff8dffd18e814
  depends:
  - libgcc-ng >=12
  constrains:
  - zlib 1.3.1 *_1
  license: Zlib
  license_family: Other
  size: 61574
  timestamp: 1716874187109
- conda: https://conda.anaconda.org/conda-forge/linux-aarch64/libzlib-1.3.1-h68df207_1.conda
  sha256: 0d6dfd1e36e10c205ff1fdcf42d42289ff0f50be7a4eaa7b34f086a5e22a0734
  md5: b13fb82f88902e34dd0638cd7d378c21
  depends:
  - libgcc-ng >=12
  constrains:
  - zlib 1.3.1 *_1
  license: Zlib
  license_family: Other
  size: 67199
  timestamp: 1716874136348
- conda: https://conda.anaconda.org/conda-forge/linux-64/ncurses-6.5-he02047a_1.conda
  sha256: 6a1d5d8634c1a07913f1c525db6455918cbc589d745fac46d9d6e30340c8731a
  md5: 70caf8bb6cf39a0b6b7efc885f51c0fe
  depends:
  - __glibc >=2.17,<3.0.a0
  - libgcc-ng >=12
  license: X11 AND BSD-3-Clause
  size: 889086
  timestamp: 1724658547447
- conda: https://conda.anaconda.org/conda-forge/linux-aarch64/ncurses-6.5-hcccb83c_1.conda
  sha256: acad4cf1f57b12ee1e42995e6fac646fa06aa026529f05eb8c07eb0a84a47a84
  md5: 91d49c85cacd92caa40cf375ef72a25d
  depends:
  - libgcc-ng >=12
  license: X11 AND BSD-3-Clause
  size: 924472
  timestamp: 1724658573518
- conda: https://conda.anaconda.org/conda-forge/linux-64/openssl-3.3.2-hb9d3cd8_0.conda
  sha256: cee91036686419f6dd6086902acf7142b4916e1c4ba042e9ca23e151da012b6d
  md5: 4d638782050ab6faa27275bed57e9b4e
  depends:
  - __glibc >=2.17,<3.0.a0
  - ca-certificates
  - libgcc >=13
  license: Apache-2.0
  license_family: Apache
  size: 2891789
  timestamp: 1725410790053
- conda: https://conda.anaconda.org/conda-forge/linux-aarch64/openssl-3.3.2-h86ecc28_0.conda
  sha256: 4669d26dbf81e4d72093d8260f55d19d57204d82b1d9440be83d11d313b5990c
  md5: 9e1e477b3f8ee3789297883faffa708b
  depends:
  - ca-certificates
  - libgcc >=13
  license: Apache-2.0
  license_family: Apache
  size: 3428083
  timestamp: 1725412266679
- conda: https://conda.anaconda.org/conda-forge/linux-64/rhash-1.4.4-hd590300_0.conda
  sha256: 12711d2d4a808a503c2e49b25d26ecb351435521e814c154e682dd2be71c2611
  md5: ec972a9a2925ac8d7a19eb9606561fff
  depends:
  - libgcc-ng >=12
  license: MIT
  license_family: MIT
  size: 185144
  timestamp: 1693455923632
- conda: https://conda.anaconda.org/conda-forge/linux-aarch64/rhash-1.4.4-h31becfc_0.conda
  sha256: 11c44602ac8f3054da83bfcfff0d8e04e83e231b51b0f8c660ff007669de14ff
  md5: 8e4df96fa39923f420006095785a0e4b
  depends:
  - libgcc-ng >=12
  license: MIT
  license_family: MIT
  size: 199565
  timestamp: 1693455889616
- conda: https://conda.anaconda.org/conda-forge/linux-64/xz-5.2.6-h166bdaf_0.tar.bz2
  sha256: 03a6d28ded42af8a347345f82f3eebdd6807a08526d47899a42d62d319609162
  md5: 2161070d867d1b1204ea749c8eec4ef0
  depends:
  - libgcc-ng >=12
  license: LGPL-2.1 and GPL-2.0
  size: 418368
  timestamp: 1660346797927
- conda: https://conda.anaconda.org/conda-forge/linux-aarch64/xz-5.2.6-h9cdd2b7_0.tar.bz2
  sha256: 93f58a7b393adf41fa007ac8c55978765e957e90cd31877ece1e5a343cb98220
  md5: 83baad393a31d59c20b63ba4da6592df
  depends:
  - libgcc-ng >=12
  license: LGPL-2.1 and GPL-2.0
  size: 440555
  timestamp: 1660348056328
- conda: https://conda.anaconda.org/conda-forge/linux-64/zstd-1.5.6-ha6fb4c9_0.conda
  sha256: c558b9cc01d9c1444031bd1ce4b9cff86f9085765f17627a6cd85fc623c8a02b
  md5: 4d056880988120e29d75bfff282e0f45
  depends:
  - libgcc-ng >=12
  - libstdcxx-ng >=12
  - libzlib >=1.2.13,<2.0.0a0
  license: BSD-3-Clause
  license_family: BSD
  size: 554846
  timestamp: 1714722996770
- conda: https://conda.anaconda.org/conda-forge/linux-aarch64/zstd-1.5.6-h02f22dd_0.conda
  sha256: 484f9d0722c77685ae379fbff3ccd662af9ead7e59eb39cd6d0c677cdf25ff6c
  md5: be8d5f8cf21aed237b8b182ea86b3dd6
  depends:
  - libgcc-ng >=12
  - libstdcxx-ng >=12
  - libzlib >=1.2.13,<2.0.0a0
  license: BSD-3-Clause
  license_family: BSD
  size: 539937
  timestamp: 1714723130243
